
Microsoft Visual Studio Solution File, Format Version 12.00
# Visual Studio Version 17
VisualStudioVersion = 17.1.32228.430
MinimumVisualStudioVersion = 10.0.40219.1
Project("{FAE04EC0-301F-11D3-BF4B-00C04F79EFBC}") = "Kalkulator", "Kalkulator\Kalkulator.csproj", "{17DA15A0-E37A-4FBC-BCE7-2E5742718F6F}"
EndProject
Global
	GlobalSection(SolutionConfigurationPlatforms) = preSolution
		Debug|Any CPU = Debug|Any CPU
		Release|Any CPU = Release|Any CPU
	EndGlobalSection
	GlobalSection(ProjectConfigurationPlatforms) = postSolution
		{17DA15A0-E37A-4FBC-BCE7-2E5742718F6F}.Debug|Any CPU.ActiveCfg = Debug|Any CPU
		{17DA15A0-E37A-4FBC-BCE7-2E5742718F6F}.Debug|Any CPU.Build.0 = Debug|Any CPU
		{17DA15A0-E37A-4FBC-BCE7-2E5742718F6F}.Release|Any CPU.ActiveCfg = Release|Any CPU
		{17DA15A0-E37A-4FBC-BCE7-2E5742718F6F}.Release|Any CPU.Build.0 = Release|Any CPU
	EndGlobalSection
	GlobalSection(SolutionProperties) = preSolution
		HideSolutionNode = FALSE
	EndGlobalSection
	GlobalSection(ExtensibilityGlobals) = postSolution
		SolutionGuid = {C0C11499-70F8-4259-93AA-643B6AC1324B}
	EndGlobalSection
EndGlobal
